github.com/somebadcode/go-mathx v0.0.0-20210404130445-aeef37ce9f94 h1:PjdS5gINzbXLwLjbnSiCGeHg2Mua7Bu6SJ8QbI6u9t8=
github.com/somebadcode/go-mathx v0.0.0-20210404130445-aeef37ce9f94/go.mod h1:9dQiVB1YgYDgBCxvoSk2HifjFxaJnlsA96K8e9V7iy0=
github.com/somebadcode/go-mathx v1.0.0 h1:Z7dVB1DHg7rprEAdFSLCoQgzlhiImeYryL8iNs3ot1c=
github.com/somebadcode/go-mathx v1.0.0/go.mod h1:0DMOi58hxEM/QdGr+Wyxys8b7pJqMzmsWl5jcKiEKqg=
